
Microsoft Visual Studio Solution File, Format Version 12.00
# Visual Studio Version 17
VisualStudioVersion = 17.10.34916.146
MinimumVisualStudioVersion = 10.0.40219.1
Project("{FAE04EC0-301F-11D3-BF4B-00C04F79EFBC}") = "MyDocDesktopApp", "MyDocDesktopApp\MyDocDesktopApp.csproj", "{09153BBD-64DF-4A37-85F8-73763A799520}"
EndProject
Global
	GlobalSection(SolutionConfigurationPlatforms) = preSolution
		Debug|Any CPU = Debug|Any CPU
		Release|Any CPU = Release|Any CPU
	EndGlobalSection
	GlobalSection(ProjectConfigurationPlatforms) = postSolution
		{09153BBD-64DF-4A37-85F8-73763A799520}.Debug|Any CPU.ActiveCfg = Debug|Any CPU
		{09153BBD-64DF-4A37-85F8-73763A799520}.Debug|Any CPU.Build.0 = Debug|Any CPU
		{09153BBD-64DF-4A37-85F8-73763A799520}.Release|Any CPU.ActiveCfg = Release|Any CPU
		{09153BBD-64DF-4A37-85F8-73763A799520}.Release|Any CPU.Build.0 = Release|Any CPU
	EndGlobalSection
	GlobalSection(SolutionProperties) = preSolution
		HideSolutionNode = FALSE
	EndGlobalSection
	GlobalSection(ExtensibilityGlobals) = postSolution
		SolutionGuid = {DE829567-53C8-4031-BE94-CABD19D41B9F}
	EndGlobalSection
EndGlobal
